// !$*UTF8*$!
{
	archiveVersion = 1;
	classes = {
	};
	objectVersion = 46;
	objects = {

/* Begin PBXBuildFile section */
		167A3FB27381F15E1B293CDF /* libPods.a in Frameworks */ = {isa = PBXBuildFile; fileRef = 5A8524AEA6DE5B9093A7147A /* libPods.a */; };
		933B72A01CD72739007219FB /* main.m in Sources */ = {isa = PBXBuildFile; fileRef = 933B729F1CD72739007219FB /* main.m */; };
		933B72A31CD72739007219FB /* AppDelegate.m in Sources */ = {isa = PBXBuildFile; fileRef = 933B72A21CD72739007219FB /* AppDelegate.m */; };
		933B72A61CD72739007219FB /* ViewController.m in Sources */ = {isa = PBXBuildFile; fileRef = 933B72A51CD72739007219FB /* ViewController.m */; };
		933B72A91CD72739007219FB /* Main.storyboard in Resources */ = {isa = PBXBuildFile; fileRef = 933B72A71CD72739007219FB /* Main.storyboard */; };
		933B72AB1CD72739007219FB /* Assets.xcassets in Resources */ = {isa = PBXBuildFile; fileRef = 933B72AA1CD72739007219FB /* Assets.xcassets */; };
		933B72AE1CD72739007219FB /* LaunchScreen.storyboard in Resources */ = {isa = PBXBuildFile; fileRef = 933B72AC1CD72739007219FB /* LaunchScreen.storyboard */; };
		933B72B91CD72739007219FB /* LazyWeatherTests.m in Sources */ = {isa = PBXBuildFile; fileRef = 933B72B81CD72739007219FB /* LazyWeatherTests.m */; };
		933B72C41CD72739007219FB /* LazyWeatherUITests.m in Sources */ = {isa = PBXBuildFile; fileRef = 933B72C31CD72739007219FB /* LazyWeatherUITests.m */; };
		933B72D91CD72B4C007219FB /* LeftViewTableViewController.m in Sources */ = {isa = PBXBuildFile; fileRef = 933B72D81CD72B4C007219FB /* LeftViewTableViewController.m */; };
		933B72DF1CD72B92007219FB /* LeftViewTableViewCell.m in Sources */ = {isa = PBXBuildFile; fileRef = 933B72DE1CD72B92007219FB /* LeftViewTableViewCell.m */; };
		933B72E21CD72BA3007219FB /* RightViewTableViewCell.m in Sources */ = {isa = PBXBuildFile; fileRef = 933B72E11CD72BA3007219FB /* RightViewTableViewCell.m */; };
		933B72E51CD72BC0007219FB /* RightViewTableViewController.m in Sources */ = {isa = PBXBuildFile; fileRef = 933B72E41CD72BC0007219FB /* RightViewTableViewController.m */; };
		933B72E91CD73192007219FB /* FirstCollectionCell.m in Sources */ = {isa = PBXBuildFile; fileRef = 933B72E71CD73192007219FB /* FirstCollectionCell.m */; };
		933B72EA1CD73192007219FB /* FirstCollectionCell.xib in Resources */ = {isa = PBXBuildFile; fileRef = 933B72E81CD73192007219FB /* FirstCollectionCell.xib */; };
/* End PBXBuildFile section */

/* Begin PBXContainerItemProxy section */
		933B72B51CD72739007219FB /* PBXContainerItemProxy */ = {
			isa = PBXContainerItemProxy;
			containerPortal = 933B72931CD72739007219FB /* Project object */;
			proxyType = 1;
			remoteGlobalIDString = 933B729A1CD72739007219FB;
			remoteInfo = LazyWeather;
		};
		933B72C01CD72739007219FB /* PBXContainerItemProxy */ = {
			isa = PBXContainerItemProxy;
			containerPortal = 933B72931CD72739007219FB /* Project object */;
			proxyType = 1;
			remoteGlobalIDString = 933B729A1CD72739007219FB;
			remoteInfo = LazyWeather;
		};
/* End PBXContainerItemProxy section */

/* Begin PBXFileReference section */
		5A8524AEA6DE5B9093A7147A /* libPods.a */ = {isa = PBXFileReference; explicitFileType = archive.ar; includeInIndex = 0; path = libPods.a; sourceTree = BUILT_PRODUCTS_DIR; };
		8074758688F1C38BFF805177 /* Pods.release.xcconfig */ = {isa = PBXFileReference; includeInIndex = 1; lastKnownFileType = text.xcconfig; name = Pods.release.xcconfig; path = "Pods/Target Support Files/Pods/Pods.release.xcconfig"; sourceTree = "<group>"; };
		864E4D14A34EA4BCF30CB3C8 /* Pods.debug.xcconfig */ = {isa = PBXFileReference; includeInIndex = 1; lastKnownFileType = text.xcconfig; name = Pods.debug.xcconfig; path = "Pods/Target Support Files/Pods/Pods.debug.xcconfig"; sourceTree = "<group>"; };
		933B729B1CD72739007219FB /* LazyWeather.app */ = {isa = PBXFileReference; explicitFileType = wrapper.application; includeInIndex = 0; path = LazyWeather.app; sourceTree = BUILT_PRODUCTS_DIR; };
		933B729F1CD72739007219FB /* main.m */ = {isa = PBXFileReference; lastKnownFileType = sourcecode.c.objc; path = main.m; sourceTree = "<group>"; };
		933B72A11CD72739007219FB /* AppDelegate.h */ = {isa = PBXFileReference; lastKnownFileType = sourcecode.c.h; path = AppDelegate.h; sourceTree = "<group>"; };
		933B72A21CD72739007219FB /* AppDelegate.m */ = {isa = PBXFileReference; lastKnownFileType = sourcecode.c.objc; path = AppDelegate.m; sourceTree = "<group>"; };
		933B72A41CD72739007219FB /* ViewController.h */ = {isa = PBXFileReference; lastKnownFileType = sourcecode.c.h; path = ViewController.h; sourceTree = "<group>"; };
		933B72A51CD72739007219FB /* ViewController.m */ = {isa = PBXFileReference; lastKnownFileType = sourcecode.c.objc; path = ViewController.m; sourceTree = "<group>"; };
		933B72A81CD72739007219FB /* Base */ = {isa = PBXFileReference; lastKnownFileType = file.storyboard; name = Base; path = Base.lproj/Main.storyboard; sourceTree = "<group>"; };
		933B72AA1CD72739007219FB /* Assets.xcassets */ = {isa = PBXFileReference; lastKnownFileType = folder.assetcatalog; path = Assets.xcassets; sourceTree = "<group>"; };
		933B72AD1CD72739007219FB /* Base */ = {isa = PBXFileReference; lastKnownFileType = file.storyboard; name = Base; path = Base.lproj/LaunchScreen.storyboard; sourceTree = "<group>"; };
		933B72AF1CD72739007219FB /* Info.plist */ = {isa = PBXFileReference; lastKnownFileType = text.plist.xml; path = Info.plist; sourceTree = "<group>"; };
		933B72B41CD72739007219FB /* LazyWeatherTests.xctest */ = {isa = PBXFileReference; explicitFileType = wrapper.cfbundle; includeInIndex = 0; path = LazyWeatherTests.xctest; sourceTree = BUILT_PRODUCTS_DIR; };
		933B72B81CD72739007219FB /* LazyWeatherTests.m */ = {isa = PBXFileReference; lastKnownFileType = sourcecode.c.objc; path = LazyWeatherTests.m; sourceTree = "<group>"; };
		933B72BA1CD72739007219FB /* Info.plist */ = {isa = PBXFileReference; lastKnownFileType = text.plist.xml; path = Info.plist; sourceTree = "<group>"; };
		933B72BF1CD72739007219FB /* LazyWeatherUITests.xctest */ = {isa = PBXFileReference; explicitFileType = wrapper.cfbundle; includeInIndex = 0; path = LazyWeatherUITests.xctest; sourceTree = BUILT_PRODUCTS_DIR; };
		933B72C31CD72739007219FB /* LazyWeatherUITests.m */ = {isa = PBXFileReference; lastKnownFileType = sourcecode.c.objc; path = LazyWeatherUITests.m; sourceTree = "<group>"; };
		933B72C51CD72739007219FB /* Info.plist */ = {isa = PBXFileReference; lastKnownFileType = text.plist.xml; path = Info.plist; sourceTree = "<group>"; };
		933B72D71CD72B4C007219FB /* LeftViewTableViewController.h */ = {isa = PBXFileReference; fileEncoding = 4; lastKnownFileType = sourcecode.c.h; path = LeftViewTableViewController.h; sourceTree = "<group>"; };
		933B72D81CD72B4C007219FB /* LeftViewTableViewController.m */ = {isa = PBXFileReference; fileEncoding = 4; lastKnownFileType = sourcecode.c.objc; path = LeftViewTableViewController.m; sourceTree = "<group>"; };
		933B72DD1CD72B92007219FB /* LeftViewTableViewCell.h */ = {isa = PBXFileReference; fileEncoding = 4; lastKnownFileType = sourcecode.c.h; path = LeftViewTableViewCell.h; sourceTree = "<group>"; };
		933B72DE1CD72B92007219FB /* LeftViewTableViewCell.m */ = {isa = PBXFileReference; fileEncoding = 4; lastKnownFileType = sourcecode.c.objc; path = LeftViewTableViewCell.m; sourceTree = "<group>"; };
		933B72E01CD72BA3007219FB /* RightViewTableViewCell.h */ = {isa = PBXFileReference; fileEncoding = 4; lastKnownFileType = sourcecode.c.h; path = RightViewTableViewCell.h; sourceTree = "<group>"; };
		933B72E11CD72BA3007219FB /* RightViewTableViewCell.m */ = {isa = PBXFileReference; fileEncoding = 4; lastKnownFileType = sourcecode.c.objc; path = RightViewTableViewCell.m; sourceTree = "<group>"; };
		933B72E31CD72BC0007219FB /* RightViewTableViewController.h */ = {isa = PBXFileReference; fileEncoding = 4; lastKnownFileType = sourcecode.c.h; path = RightViewTableViewController.h; sourceTree = "<group>"; };
		933B72E41CD72BC0007219FB /* RightViewTableViewController.m */ = {isa = PBXFileReference; fileEncoding = 4; lastKnownFileType = sourcecode.c.objc; path = RightViewTableViewController.m; sourceTree = "<group>"; };
		933B72E61CD73192007219FB /* FirstCollectionCell.h */ = {isa = PBXFileReference; fileEncoding = 4; lastKnownFileType = sourcecode.c.h; path = FirstCollectionCell.h; sourceTree = "<group>"; };
		933B72E71CD73192007219FB /* FirstCollectionCell.m */ = {isa = PBXFileReference; fileEncoding = 4; lastKnownFileType = sourcecode.c.objc; path = FirstCollectionCell.m; sourceTree = "<group>"; };
		933B72E81CD73192007219FB /* FirstCollectionCell.xib */ = {isa = PBXFileReference; fileEncoding = 4; lastKnownFileType = file.xib; path = FirstCollectionCell.xib; sourceTree = "<group>"; };
/* End PBXFileReference section */

/* Begin PBXFrameworksBuildPhase section */
		933B72981CD72739007219FB /* Frameworks */ = {
			isa = PBXFrameworksBuildPhase;
			buildActionMask = 2147483647;
			files = (
				167A3FB27381F15E1B293CDF /* libPods.a in Frameworks */,
			);
			runOnlyForDeploymentPostprocessing = 0;
		};
		933B72B11CD72739007219FB /* Frameworks */ = {
			isa = PBXFrameworksBuildPhase;
			buildActionMask = 2147483647;
			files = (
			);
			runOnlyForDeploymentPostprocessing = 0;
		};
		933B72BC1CD72739007219FB /* Frameworks */ = {
			isa = PBXFrameworksBuildPhase;
			buildActionMask = 2147483647;
			files = (
			);
			runOnlyForDeploymentPostprocessing = 0;
		};
/* End PBXFrameworksBuildPhase section */

/* Begin PBXGroup section */
		0188BD872B6C05F26A8AEAC4 /* Frameworks */ = {
			isa = PBXGroup;
			children = (
				5A8524AEA6DE5B9093A7147A /* libPods.a */,
			);
			name = Frameworks;
			sourceTree = "<group>";
		};
		6D5A10902FB96C22C0D096E2 /* Pods */ = {
			isa = PBXGroup;
			children = (
				864E4D14A34EA4BCF30CB3C8 /* Pods.debug.xcconfig */,
				8074758688F1C38BFF805177 /* Pods.release.xcconfig */,
			);
			name = Pods;
			sourceTree = "<group>";
		};
		933B72921CD72739007219FB = {
			isa = PBXGroup;
			children = (
				933B729D1CD72739007219FB /* LazyWeather */,
				933B72B71CD72739007219FB /* LazyWeatherTests */,
				933B72C21CD72739007219FB /* LazyWeatherUITests */,
				933B729C1CD72739007219FB /* Products */,
				6D5A10902FB96C22C0D096E2 /* Pods */,
				0188BD872B6C05F26A8AEAC4 /* Frameworks */,
			);
			sourceTree = "<group>";
		};
		933B729C1CD72739007219FB /* Products */ = {
			isa = PBXGroup;
			children = (
				933B729B1CD72739007219FB /* LazyWeather.app */,
				933B72B41CD72739007219FB /* LazyWeatherTests.xctest */,
				933B72BF1CD72739007219FB /* LazyWeatherUITests.xctest */,
			);
			name = Products;
			sourceTree = "<group>";
		};
		933B729D1CD72739007219FB /* LazyWeather */ = {
			isa = PBXGroup;
			children = (
				933B72A11CD72739007219FB /* AppDelegate.h */,
				933B72A21CD72739007219FB /* AppDelegate.m */,
				933B72A41CD72739007219FB /* ViewController.h */,
				933B72A51CD72739007219FB /* ViewController.m */,
				933B72A71CD72739007219FB /* Main.storyboard */,
				933B72D11CD72AB9007219FB /* CenterView */,
				933B72D51CD72AFA007219FB /* LeftView */,
				933B72D61CD72B0C007219FB /* RightView */,
				933B72AA1CD72739007219FB /* Assets.xcassets */,
				933B72AC1CD72739007219FB /* LaunchScreen.storyboard */,
				933B72AF1CD72739007219FB /* Info.plist */,
				933B729E1CD72739007219FB /* Supporting Files */,
			);
			path = LazyWeather;
			sourceTree = "<group>";
		};
		933B729E1CD72739007219FB /* Supporting Files */ = {
			isa = PBXGroup;
			children = (
				933B729F1CD72739007219FB /* main.m */,
			);
			name = "Supporting Files";
			sourceTree = "<group>";
		};
		933B72B71CD72739007219FB /* LazyWeatherTests */ = {
			isa = PBXGroup;
			children = (
				933B72B81CD72739007219FB /* LazyWeatherTests.m */,
				933B72BA1CD72739007219FB /* Info.plist */,
			);
			path = LazyWeatherTests;
			sourceTree = "<group>";
		};
		933B72C21CD72739007219FB /* LazyWeatherUITests */ = {
			isa = PBXGroup;
			children = (
				933B72C31CD72739007219FB /* LazyWeatherUITests.m */,
				933B72C51CD72739007219FB /* Info.plist */,
			);
			path = LazyWeatherUITests;
			sourceTree = "<group>";
		};
		933B72D11CD72AB9007219FB /* CenterView */ = {
			isa = PBXGroup;
			children = (
				933B72E61CD73192007219FB /* FirstCollectionCell.h */,
				933B72E71CD73192007219FB /* FirstCollectionCell.m */,
				933B72E81CD73192007219FB /* FirstCollectionCell.xib */,
			);
			name = CenterView;
			sourceTree = "<group>";
		};
		933B72D51CD72AFA007219FB /* LeftView */ = {
			isa = PBXGroup;
			children = (
				933B72D71CD72B4C007219FB /* LeftViewTableViewController.h */,
				933B72D81CD72B4C007219FB /* LeftViewTableViewController.m */,
				933B72DD1CD72B92007219FB /* LeftViewTableViewCell.h */,
				933B72DE1CD72B92007219FB /* LeftViewTableViewCell.m */,
			);
			name = LeftView;
			sourceTree = "<group>";
		};
		933B72D61CD72B0C007219FB /* RightView */ = {
			isa = PBXGroup;
			children = (
				933B72E31CD72BC0007219FB /* RightViewTableViewController.h */,
				933B72E41CD72BC0007219FB /* RightViewTableViewController.m */,
				933B72E01CD72BA3007219FB /* RightViewTableViewCell.h */,
				933B72E11CD72BA3007219FB /* RightViewTableViewCell.m */,
			);
			name = RightView;
			sourceTree = "<group>";
		};
/* End PBXGroup section */

/* Begin PBXNativeTarget section */
		933B729A1CD72739007219FB /* LazyWeather */ = {
			isa = PBXNativeTarget;
			buildConfigurationList = 933B72C81CD72739007219FB /* Build configuration list for PBXNativeTarget "LazyWeather" */;
			buildPhases = (
				640D19A4F71610377C816FC2 /* Check Pods Manifest.lock */,
				933B72971CD72739007219FB /* Sources */,
				933B72981CD72739007219FB /* Frameworks */,
				933B72991CD72739007219FB /* Resources */,
				013D75B5C4253DD01A344304 /* Embed Pods Frameworks */,
				195F2F68F257E0902F948EDD /* Copy Pods Resources */,
			);
			buildRules = (
			);
			dependencies = (
			);
			name = LazyWeather;
			productName = LazyWeather;
			productReference = 933B729B1CD72739007219FB /* LazyWeather.app */;
			productType = "com.apple.product-type.application";
		};
		933B72B31CD72739007219FB /* LazyWeatherTests */ = {
			isa = PBXNativeTarget;
			buildConfigurationList = 933B72CB1CD72739007219FB /* Build configuration list for PBXNativeTarget "LazyWeatherTests" */;
			buildPhases = (
				933B72B01CD72739007219FB /* Sources */,
				933B72B11CD72739007219FB /* Frameworks */,
				933B72B21CD72739007219FB /* Resources */,
			);
			buildRules = (
			);
			dependencies = (
				933B72B61CD72739007219FB /* PBXTargetDependency */,
			);
			name = LazyWeatherTests;
			productName = LazyWeatherTests;
			productReference = 933B72B41CD72739007219FB /* LazyWeatherTests.xctest */;
			productType = "com.apple.product-type.bundle.unit-test";
		};
		933B72BE1CD72739007219FB /* LazyWeatherUITests */ = {
			isa = PBXNativeTarget;
			buildConfigurationList = 933B72CE1CD72739007219FB /* Build configuration list for PBXNativeTarget "LazyWeatherUITests" */;
			buildPhases = (
				933B72BB1CD72739007219FB /* Sources */,
				933B72BC1CD72739007219FB /* Frameworks */,
				933B72BD1CD72739007219FB /* Resources */,
			);
			buildRules = (
			);
			dependencies = (
				933B72C11CD72739007219FB /* PBXTargetDependency */,
			);
			name = LazyWeatherUITests;
			productName = LazyWeatherUITests;
			productReference = 933B72BF1CD72739007219FB /* LazyWeatherUITests.xctest */;
			productType = "com.apple.product-type.bundle.ui-testing";
		};
/* End PBXNativeTarget section */

/* Begin PBXProject section */
		933B72931CD72739007219FB /* Project object */ = {
			isa = PBXProject;
			attributes = {
				LastUpgradeCheck = 0730;
				ORGANIZATIONNAME = "HanJian-F";
				TargetAttributes = {
					933B729A1CD72739007219FB = {
						CreatedOnToolsVersion = 7.3;
					};
					933B72B31CD72739007219FB = {
						CreatedOnToolsVersion = 7.3;
						TestTargetID = 933B729A1CD72739007219FB;
					};
					933B72BE1CD72739007219FB = {
						CreatedOnToolsVersion = 7.3;
						TestTargetID = 933B729A1CD72739007219FB;
					};
				};
			};
			buildConfigurationList = 933B72961CD72739007219FB /* Build configuration list for PBXProject "LazyWeather" */;
			compatibilityVersion = "Xcode 3.2";
			developmentRegion = English;
			hasScannedForEncodings = 0;
			knownRegions = (
				en,
				Base,
			);
			mainGroup = 933B72921CD72739007219FB;
			productRefGroup = 933B729C1CD72739007219FB /* Products */;
			projectDirPath = "";
			projectRoot = "";
			targets = (
				933B729A1CD72739007219FB /* LazyWeather */,
				933B72B31CD72739007219FB /* LazyWeatherTests */,
				933B72BE1CD72739007219FB /* LazyWeatherUITests */,
			);
		};
/* End PBXProject section */

/* Begin PBXResourcesBuildPhase section */
		933B72991CD72739007219FB /* Resources */ = {
			isa = PBXResourcesBuildPhase;
			buildActionMask = 2147483647;
			files = (
				933B72EA1CD73192007219FB /* FirstCollectionCell.xib in Resources */,
				933B72AE1CD72739007219FB /* LaunchScreen.storyboard in Resources */,
				933B72AB1CD72739007219FB /* Assets.xcassets in Resources */,
				933B72A91CD72739007219FB /* Main.storyboard in Resources */,
			);
			runOnlyForDeploymentPostprocessing = 0;
		};
		933B72B21CD72739007219FB /* Resources */ = {
			isa = PBXResourcesBuildPhase;
			buildActionMask = 2147483647;
			files = (
			);
			runOnlyForDeploymentPostprocessing = 0;
		};
		933B72BD1CD72739007219FB /* Resources */ = {
			isa = PBXResourcesBuildPhase;
			buildActionMask = 2147483647;
			files = (
			);
			runOnlyForDeploymentPostprocessing = 0;
		};
/* End PBXResourcesBuildPhase section */

/* Begin PBXShellScriptBuildPhase section */
		013D75B5C4253DD01A344304 /* Embed Pods Frameworks */ = {
			isa = PBXShellScriptBuildPhase;
			buildActionMask = 2147483647;
			files = (
			);
			inputPaths = (
			);
			name = "Embed Pods Frameworks";
			outputPaths = (
			);
			runOnlyForDeploymentPostprocessing = 0;
			shellPath = /bin/sh;
			shellScript = "\"${SRCROOT}/Pods/Target Support Files/Pods/Pods-frameworks.sh\"\n";
			showEnvVarsInLog = 0;
		};
		195F2F68F257E0902F948EDD /* Copy Pods Resources */ = {
			isa = PBXShellScriptBuildPhase;
			buildActionMask = 2147483647;
			files = (
			);
			inputPaths = (
			);
			name = "Copy Pods Resources";
			outputPaths = (
			);
			runOnlyForDeploymentPostprocessing = 0;
			shellPath = /bin/sh;
			shellScript = "\"${SRCROOT}/Pods/Target Support Files/Pods/Pods-resources.sh\"\n";
			showEnvVarsInLog = 0;
		};
		640D19A4F71610377C816FC2 /* Check Pods Manifest.lock */ = {
			isa = PBXShellScriptBuildPhase;
			buildActionMask = 2147483647;
			files = (
			);
			inputPaths = (
			);
			name = "Check Pods Manifest.lock";
			outputPaths = (
			);
			runOnlyForDeploymentPostprocessing = 0;
			shellPath = /bin/sh;
			shellScript = "diff \"${PODS_ROOT}/../Podfile.lock\" \"${PODS_ROOT}/Manifest.lock\" > /dev/null\nif [[ $? != 0 ]] ; then\n    cat << EOM\nerror: The sandbox is not in sync with the Podfile.lock. Run 'pod install' or update your CocoaPods installation.\nEOM\n    exit 1\nfi\n";
			showEnvVarsInLog = 0;
		};
/* End PBXShellScriptBuildPhase section */

/* Begin PBXSourcesBuildPhase section */
		933B72971CD72739007219FB /* Sources */ = {
			isa = PBXSourcesBuildPhase;
			buildActionMask = 2147483647;
			files = (
				933B72DF1CD72B92007219FB /* LeftViewTableViewCell.m in Sources */,
				933B72E51CD72BC0007219FB /* RightViewTableViewController.m in Sources */,
				933B72A61CD72739007219FB /* ViewController.m in Sources */,
				933B72A31CD72739007219FB /* AppDelegate.m in Sources */,
				933B72E91CD73192007219FB /* FirstCollectionCell.m in Sources */,
				933B72D91CD72B4C007219FB /* LeftViewTableViewController.m in Sources */,
				933B72A01CD72739007219FB /* main.m in Sources */,
				933B72E21CD72BA3007219FB /* RightViewTableViewCell.m in Sources */,
			);
			runOnlyForDeploymentPostprocessing = 0;
		};
		933B72B01CD72739007219FB /* Sources */ = {
			isa = PBXSourcesBuildPhase;
			buildActionMask = 2147483647;
			files = (
				933B72B91CD72739007219FB /* LazyWeatherTests.m in Sources */,
			);
			runOnlyForDeploymentPostprocessing = 0;
		};
		933B72BB1CD72739007219FB /* Sources */ = {
			isa = PBXSourcesBuildPhase;
			buildActionMask = 2147483647;
			files = (
				933B72C41CD72739007219FB /* LazyWeatherUITests.m in Sources */,
			);
			runOnlyForDeploymentPostprocessing = 0;
		};
/* End PBXSourcesBuildPhase section */

/* Begin PBXTargetDependency section */
		933B72B61CD72739007219FB /* PBXTargetDependency */ = {
			isa = PBXTargetDependency;
			target = 933B729A1CD72739007219FB /* LazyWeather */;
			targetProxy = 933B72B51CD72739007219FB /* PBXContainerItemProxy */;
		};
		933B72C11CD72739007219FB /* PBXTargetDependency */ = {
			isa = PBXTargetDependency;
			target = 933B729A1CD72739007219FB /* LazyWeather */;
			targetProxy = 933B72C01CD72739007219FB /* PBXContainerItemProxy */;
		};
/* End PBXTargetDependency section */

/* Begin PBXVariantGroup section */
		933B72A71CD72739007219FB /* Main.storyboard */ = {
			isa = PBXVariantGroup;
			children = (
				933B72A81CD72739007219FB /* Base */,
			);
			name = Main.storyboard;
			sourceTree = "<group>";
		};
		933B72AC1CD72739007219FB /* LaunchScreen.storyboard */ = {
			isa = PBXVariantGroup;
			children = (
				933B72AD1CD72739007219FB /* Base */,
			);
			name = LaunchScreen.storyboard;
			sourceTree = "<group>";
		};
/* End PBXVariantGroup section */

/* Begin XCBuildConfiguration section */
		933B72C61CD72739007219FB /* Debug */ = {
			isa = XCBuildConfiguration;
			buildSettings = {
				ALWAYS_SEARCH_USER_PATHS = NO;
				CLANG_ANALYZER_NONNULL = YES;
				CLANG_CXX_LANGUAGE_STANDARD = "gnu++0x";
				CLANG_CXX_LIBRARY = "libc++";
				CLANG_ENABLE_MODULES = YES;
				CLANG_ENABLE_OBJC_ARC = YES;
				CLANG_WARN_BOOL_CONVERSION = YES;
				CLANG_WARN_CONSTANT_CONVERSION = YES;
				CLANG_WARN_DIRECT_OBJC_ISA_USAGE = YES_ERROR;
				CLANG_WARN_EMPTY_BODY = YES;
				CLANG_WARN_ENUM_CONVERSION = YES;
				CLANG_WARN_INT_CONVERSION = YES;
				CLANG_WARN_OBJC_ROOT_CLASS = YES_ERROR;
				CLANG_WARN_UNREACHABLE_CODE = YES;
				CLANG_WARN__DUPLICATE_METHOD_MATCH = YES;
				"CODE_SIGN_IDENTITY[sdk=iphoneos*]" = "iPhone Developer";
				COPY_PHASE_STRIP = NO;
				DEBUG_INFORMATION_FORMAT = dwarf;
				ENABLE_STRICT_OBJC_MSGSEND = YES;
				ENABLE_TESTABILITY = YES;
				GCC_C_LANGUAGE_STANDARD = gnu99;
				GCC_DYNAMIC_NO_PIC = NO;
				GCC_NO_COMMON_BLOCKS = YES;
				GCC_OPTIMIZATION_LEVEL = 0;
				GCC_PREPROCESSOR_DEFINITIONS = (
					"DEBUG=1",
					"$(inherited)",
				);
				GCC_WARN_64_TO_32_BIT_CONVERSION = YES;
				GCC_WARN_ABOUT_RETURN_TYPE = YES_ERROR;
				GCC_WARN_UNDECLARED_SELECTOR = YES;
				GCC_WARN_UNINITIALIZED_AUTOS = YES_AGGRESSIVE;
				GCC_WARN_UNUSED_FUNCTION = YES;
				GCC_WARN_UNUSED_VARIABLE = YES;
				IPHONEOS_DEPLOYMENT_TARGET = 9.3;
				MTL_ENABLE_DEBUG_INFO = YES;
				ONLY_ACTIVE_ARCH = YES;
				SDKROOT = iphoneos;
			};
			name = Debug;
		};
		933B72C71CD72739007219FB /* Release */ = {
			isa = XCBuildConfiguration;
			buildSettings = {
				ALWAYS_SEARCH_USER_PATHS = NO;
				CLANG_ANALYZER_NONNULL = YES;
				CLANG_CXX_LANGUAGE_STANDARD = "gnu++0x";
				CLANG_CXX_LIBRARY = "libc++";
				CLANG_ENABLE_MODULES = YES;
				CLANG_ENABLE_OBJC_ARC = YES;
				CLANG_WARN_BOOL_CONVERSION = YES;
				CLANG_WARN_CONSTANT_CONVERSION = YES;
				CLANG_WARN_DIRECT_OBJC_ISA_USAGE = YES_ERROR;
				CLANG_WARN_EMPTY_BODY = YES;
				CLANG_WARN_ENUM_CONVERSION = YES;
				CLANG_WARN_INT_CONVERSION = YES;
				CLANG_WARN_OBJC_ROOT_CLASS = YES_ERROR;
				CLANG_WARN_UNREACHABLE_CODE = YES;
				CLANG_WARN__DUPLICATE_METHOD_MATCH = YES;
				"CODE_SIGN_IDENTITY[sdk=iphoneos*]" = "iPhone Developer";
				COPY_PHASE_STRIP = NO;
				DEBUG_INFORMATION_FORMAT = "dwarf-with-dsym";
				ENABLE_NS_ASSERTIONS = NO;
				ENABLE_STRICT_OBJC_MSGSEND = YES;
				GCC_C_LANGUAGE_STANDARD = gnu99;
				GCC_NO_COMMON_BLOCKS = YES;
				GCC_WARN_64_TO_32_BIT_CONVERSION = YES;
				GCC_WARN_ABOUT_RETURN_TYPE = YES_ERROR;
				GCC_WARN_UNDECLARED_SELECTOR = YES;
				GCC_WARN_UNINITIALIZED_AUTOS = YES_AGGRESSIVE;
				GCC_WARN_UNUSED_FUNCTION = YES;
				GCC_WARN_UNUSED_VARIABLE = YES;
				IPHONEOS_DEPLOYMENT_TARGET = 9.3;
				MTL_ENABLE_DEBUG_INFO = NO;
				SDKROOT = iphoneos;
				VALIDATE_PRODUCT = YES;
			};
			name = Release;
		};
		933B72C91CD72739007219FB /* Debug */ = {
			isa = XCBuildConfiguration;
			baseConfigurationReference = 864E4D14A34EA4BCF30CB3C8 /* Pods.debug.xcconfig */;
			buildSettings = {
				ASSETCATALOG_COMPILER_APPICON_NAME = AppIcon;
				INFOPLIST_FILE = LazyWeather/Info.plist;
				LD_RUNPATH_SEARCH_PATHS = "$(inherited) @executable_path/Frameworks";
				PRODUCT_BUNDLE_IDENTIFIER = com.fuely.LazyWeather;
				PRODUCT_NAME = "$(TARGET_NAME)";
			};
			name = Debug;
		};
		933B72CA1CD72739007219FB /* Release */ = {
			isa = XCBuildConfiguration;
			baseConfigurationReference = 8074758688F1C38BFF805177 /* Pods.release.xcconfig */;
			buildSettings = {
				ASSETCATALOG_COMPILER_APPICON_NAME = AppIcon;
				INFOPLIST_FILE = LazyWeather/Info.plist;
				LD_RUNPATH_SEARCH_PATHS = "$(inherited) @executable_path/Frameworks";
				PRODUCT_BUNDLE_IDENTIFIER = com.fuely.LazyWeather;
				PRODUCT_NAME = "$(TARGET_NAME)";
			};
			name = Release;
		};
		933B72CC1CD72739007219FB /* Debug */ = {
			isa = XCBuildConfiguration;
			buildSettings = {
				BUNDLE_LOADER = "$(TEST_HOST)";
				INFOPLIST_FILE = LazyWeatherTests/Info.plist;
				LD_RUNPATH_SEARCH_PATHS = "$(inherited) @executable_path/Frameworks @loader_path/Frameworks";
				PRODUCT_BUNDLE_IDENTIFIER = com.fuely.LazyWeatherTests;
				PRODUCT_NAME = "$(TARGET_NAME)";
				TEST_HOST = "$(BUILT_PRODUCTS_DIR)/LazyWeather.app/LazyWeather";
			};
			name = Debug;
		};
		933B72CD1CD72739007219FB /* Release */ = {
			isa = XCBuildConfiguration;
			buildSettings = {
				BUNDLE_LOADER = "$(TEST_HOST)";
				INFOPLIST_FILE = LazyWeatherTests/Info.plist;
				LD_RUNPATH_SEARCH_PATHS = "$(inherited) @executable_path/Frameworks @loader_path/Frameworks";
				PRODUCT_BUNDLE_IDENTIFIER = com.fuely.LazyWeatherTests;
				PRODUCT_NAME = "$(TARGET_NAME)";
				TEST_HOST = "$(BUILT_PRODUCTS_DIR)/LazyWeather.app/LazyWeather";
			};
			name = Release;
		};
		933B72CF1CD72739007219FB /* Debug */ = {
			isa = XCBuildConfiguration;
			buildSettings = {
				INFOPLIST_FILE = LazyWeatherUITests/Info.plist;
				LD_RUNPATH_SEARCH_PATHS = "$(inherited) @executable_path/Frameworks @loader_path/Frameworks";
				PRODUCT_BUNDLE_IDENTIFIER = com.fuely.LazyWeatherUITests;
				PRODUCT_NAME = "$(TARGET_NAME)";
				TEST_TARGET_NAME = LazyWeather;
			};
			name = Debug;
		};
		933B72D01CD72739007219FB /* Release */ = {
			isa = XCBuildConfiguration;
			buildSettings = {
				INFOPLIST_FILE = LazyWeatherUITests/Info.plist;
				LD_RUNPATH_SEARCH_PATHS = "$(inherited) @executable_path/Frameworks @loader_path/Frameworks";
				PRODUCT_BUNDLE_IDENTIFIER = com.fuely.LazyWeatherUITests;
				PRODUCT_NAME = "$(TARGET_NAME)";
				TEST_TARGET_NAME = LazyWeather;
			};
			name = Release;
		};
/* End XCBuildConfiguration section */

/* Begin XCConfigurationList section */
		933B72961CD72739007219FB /* Build configuration list for PBXProject "LazyWeather" */ = {
			isa = XCConfigurationList;
			buildConfigurations = (
				933B72C61CD72739007219FB /* Debug */,
				933B72C71CD72739007219FB /* Release */,
			);
			defaultConfigurationIsVisible = 0;
			defaultConfigurationName = Release;
		};
		933B72C81CD72739007219FB /* Build configuration list for PBXNativeTarget "LazyWeather" */ = {
			isa = XCConfigurationList;
			buildConfigurations = (
				933B72C91CD72739007219FB /* Debug */,
				933B72CA1CD72739007219FB /* Release */,
			);
			defaultConfigurationIsVisible = 0;
			defaultConfigurationName = Release;
		};
		933B72CB1CD72739007219FB /* Build configuration list for PBXNativeTarget "LazyWeatherTests" */ = {
			isa = XCConfigurationList;
			buildConfigurations = (
				933B72CC1CD72739007219FB /* Debug */,
				933B72CD1CD72739007219FB /* Release */,
			);
			defaultConfigurationIsVisible = 0;
			defaultConfigurationName = Release;
		};
		933B72CE1CD72739007219FB /* Build configuration list for PBXNativeTarget "LazyWeatherUITests" */ = {
			isa = XCConfigurationList;
			buildConfigurations = (
				933B72CF1CD72739007219FB /* Debug */,
				933B72D01CD72739007219FB /* Release */,
			);
			defaultConfigurationIsVisible = 0;
			defaultConfigurationName = Release;
		};
/* End XCConfigurationList section */
	};
	rootObject = 933B72931CD72739007219FB /* Project object */;
}
